<Solution>
  <Folder Name="/samples/">
    <Project Path="samples/Ankus.Examples.Aggregates/Ankus.Examples.Aggregates.csproj" />
    <Project Path="samples/Ankus.Examples.Composites/Ankus.Examples.Composites.csproj" />
    <Project Path="samples/Ankus.Examples.Configuration/Ankus.Examples.Configuration.csproj" />
    <Project Path="samples/Ankus.Examples.Enums/Ankus.Examples.Enums.csproj" />
    <Project Path="samples/Ankus.Examples.EventTriggers/Ankus.Examples.EventTriggers.csproj" />
    <Project Path="samples/Ankus.Examples.Hello/Ankus.Examples.Hello.csproj" />
    <Project Path="samples/Ankus.Examples.Initialization/Ankus.Examples.Initialization.csproj" />
    <Project Path="samples/Ankus.Examples.Operators/Ankus.Examples.Operators.csproj" />
    <Project Path="samples/Ankus.Examples.Sets/Ankus.Examples.Sets.csproj" />
    <Project Path="samples/Ankus.Examples.Triggers/Ankus.Examples.Triggers.csproj" />
  </Folder>
  <Folder Name="/src/">
    <Project Path="src/Ankus.Build/Ankus.Build.csproj" />
    <Project Path="src/Ankus.DocGenerator/Ankus.DocGenerator.csproj" />
    <Project Path="src/Ankus.Generators/Ankus.Generators.csproj" />
    <Project Path="src/Ankus.PgConfig/Ankus.PgConfig.csproj" />
    <Project Path="src/Ankus.Runtime/Ankus.Runtime.csproj" />
    <Project Path="src/Ankus.Sdk/Ankus.Sdk.csproj" />
    <Project Path="src/Ankus.Testing/Ankus.Testing.csproj" />
    <Project Path="src/Ankus.Tool/Ankus.Tool.csproj" />
  </Folder>
  <Folder Name="/tests/">
    <Project Path="tests/Ankus.Examples.Hello.Tests/Ankus.Examples.Hello.Tests.csproj" />
    <Project Path="tests/Ankus.Generators.Tests/Ankus.Generators.Tests.csproj" />
    <Project Path="tests/Ankus.GucAssignExtension/Ankus.GucAssignExtension.csproj" />
    <Project Path="tests/Ankus.GucHooksExtension/Ankus.GucHooksExtension.csproj" />
    <Project Path="tests/Ankus.GucOnlyExtension/Ankus.GucOnlyExtension.csproj" />
    <Project Path="tests/Ankus.GucShowExtension/Ankus.GucShowExtension.csproj" />
    <Project Path="tests/Ankus.IntegrationTests/Ankus.IntegrationTests.csproj" />
    <Project Path="tests/Ankus.PgConfig.Tests/Ankus.PgConfig.Tests.csproj" />
    <Project Path="tests/Ankus.Runtime.Tests/Ankus.Runtime.Tests.csproj" />
    <Project Path="tests/Ankus.TestExtension/Ankus.TestExtension.csproj" />
  </Folder>
</Solution>
